# This file is automatically @generated by Cargo.
# It is not intended for manual editing.
version = 3

[[package]]
name = "aegislens-cli"
version = "0.1.0"
dependencies = [
 "aegislens-core",
 "aegislens-ioc",
 "aegislens-packet",
 "aegislens-policy",
 "aegislens-rules",
]

[[package]]
name = "aegislens-core"
version = "0.1.0"

[[package]]
name = "aegislens-fuzz"
version = "0.1.0"
dependencies = [
 "aegislens-ioc",
 "aegislens-packet",
 "aegislens-policy",
 "aegislens-rules",
]

[[package]]
name = "aegislens-ioc"
version = "0.1.0"
dependencies = [
 "aegislens-core",
 "aegislens-packet",
]

[[package]]
name = "aegislens-packet"
version = "0.1.0"
dependencies = [
 "aegislens-core",
]

[[package]]
name = "aegislens-policy"
version = "0.1.0"
dependencies = [
 "aegislens-core",
 "aegislens-ioc",
]

[[package]]
name = "aegislens-rules"
version = "0.1.0"
dependencies = [
 "aegislens-core",
 "aegislens-packet",
]
